
Microsoft Visual Studio Solution File, Format Version 12.00
# Visual Studio 15
VisualStudioVersion = 15.0.26730.16
MinimumVisualStudioVersion = 10.0.40219.1
Project("{FAE04EC0-301F-11D3-BF4B-00C04F79EFBC}") = "CinemaTickets.DataModel", "CinemaTickets.DataModel\CinemaTickets.DataModel.csproj", "{B8B5C805-E4BC-4F1D-8AB6-18DB2F3C6756}"
EndProject
Project("{FAE04EC0-301F-11D3-BF4B-00C04F79EFBC}") = "CinemaTickets.Web", "CinemaTickets.Web\CinemaTickets.Web.csproj", "{7AC7E3F5-047E-452C-8D21-F837935BDC97}"
EndProject
Project("{FAE04EC0-301F-11D3-BF4B-00C04F79EFBC}") = "CinemaTickets.Services", "CinemaTickets.Services\CinemaTickets.Services.csproj", "{AB9DA65E-0A6B-485C-BB65-CE7BAE5C2A06}"
EndProject
Global
	GlobalSection(SolutionConfigurationPlatforms) = preSolution
		Debug|Any CPU = Debug|Any CPU
		Release|Any CPU = Release|Any CPU
	EndGlobalSection
	GlobalSection(ProjectConfigurationPlatforms) = postSolution
		{B8B5C805-E4BC-4F1D-8AB6-18DB2F3C6756}.Debug|Any CPU.ActiveCfg = Debug|Any CPU
		{B8B5C805-E4BC-4F1D-8AB6-18DB2F3C6756}.Debug|Any CPU.Build.0 = Debug|Any CPU
		{B8B5C805-E4BC-4F1D-8AB6-18DB2F3C6756}.Release|Any CPU.ActiveCfg = Release|Any CPU
		{B8B5C805-E4BC-4F1D-8AB6-18DB2F3C6756}.Release|Any CPU.Build.0 = Release|Any CPU
		{7AC7E3F5-047E-452C-8D21-F837935BDC97}.Debug|Any CPU.ActiveCfg = Debug|Any CPU
		{7AC7E3F5-047E-452C-8D21-F837935BDC97}.Debug|Any CPU.Build.0 = Debug|Any CPU
		{7AC7E3F5-047E-452C-8D21-F837935BDC97}.Release|Any CPU.ActiveCfg = Release|Any CPU
		{7AC7E3F5-047E-452C-8D21-F837935BDC97}.Release|Any CPU.Build.0 = Release|Any CPU
		{AB9DA65E-0A6B-485C-BB65-CE7BAE5C2A06}.Debug|Any CPU.ActiveCfg = Debug|Any CPU
		{AB9DA65E-0A6B-485C-BB65-CE7BAE5C2A06}.Debug|Any CPU.Build.0 = Debug|Any CPU
		{AB9DA65E-0A6B-485C-BB65-CE7BAE5C2A06}.Release|Any CPU.ActiveCfg = Release|Any CPU
		{AB9DA65E-0A6B-485C-BB65-CE7BAE5C2A06}.Release|Any CPU.Build.0 = Release|Any CPU
	EndGlobalSection
	GlobalSection(SolutionProperties) = preSolution
		HideSolutionNode = FALSE
	EndGlobalSection
	GlobalSection(ExtensibilityGlobals) = postSolution
		EnterpriseLibraryConfigurationToolBinariesPath = packages\Unity.2.1.505.0\lib\NET35
		SolutionGuid = {23AE87A4-8846-4420-9953-D386CFAB4DF1}
	EndGlobalSection
EndGlobal
